// !$*UTF8*$!
{
	archiveVersion = 1;
	classes = {
	};
	objectVersion = 48;
	objects = {

/* Begin PBXBuildFile section */
		611F1280686B0A4F18B4FEA8 /* Pods_FBSnapshotTestCaseExample.framework in Frameworks */ = {isa = PBXBuildFile; fileRef = 330AC3F2B6ABCB3BF7130CA2 /* Pods_FBSnapshotTestCaseExample.framework */; };
		6D8582512033766200CE2EAC /* AppDelegate.swift in Sources */ = {isa = PBXBuildFile; fileRef = 6D8582502033766200CE2EAC /* AppDelegate.swift */; };
		6D8582532033766200CE2EAC /* ViewController.swift in Sources */ = {isa = PBXBuildFile; fileRef = 6D8582522033766200CE2EAC /* ViewController.swift */; };
		6D8582582033766200CE2EAC /* Assets.xcassets in Resources */ = {isa = PBXBuildFile; fileRef = 6D8582572033766200CE2EAC /* Assets.xcassets */; };
		6D85825B2033766200CE2EAC /* LaunchScreen.storyboard in Resources */ = {isa = PBXBuildFile; fileRef = 6D8582592033766200CE2EAC /* LaunchScreen.storyboard */; };
		6D8582662033766200CE2EAC /* FBSnapshotTestCaseExampleTests.swift in Sources */ = {isa = PBXBuildFile; fileRef = 6D8582652033766200CE2EAC /* FBSnapshotTestCaseExampleTests.swift */; };
		9A39DB892EE9CD735C845622 /* Pods_FBSnapshotTestCaseExampleTests.framework in Frameworks */ = {isa = PBXBuildFile; fileRef = 48B3B4FD1B8A65359096D835 /* Pods_FBSnapshotTestCaseExampleTests.framework */; };
/* End PBXBuildFile section */

/* Begin PBXContainerItemProxy section */
		6D8582622033766200CE2EAC /* PBXContainerItemProxy */ = {
			isa = PBXContainerItemProxy;
			containerPortal = 6D8582452033766200CE2EAC /* Project object */;
			proxyType = 1;
			remoteGlobalIDString = 6D85824C2033766200CE2EAC;
			remoteInfo = FBSnapshotTestCaseExample;
		};
/* End PBXContainerItemProxy section */

/* Begin PBXFileReference section */
		156F5427C30CAC4A5A188FE8 /* Pods-FBSnapshotTestCaseExample.debug.xcconfig */ = {isa = PBXFileReference; includeInIndex = 1; lastKnownFileType = text.xcconfig; name = "Pods-FBSnapshotTestCaseExample.debug.xcconfig"; path = "Pods/Target Support Files/Pods-FBSnapshotTestCaseExample/Pods-FBSnapshotTestCaseExample.debug.xcconfig"; sourceTree = "<group>"; };
		23624B9BAC04A0B4C133DC9E /* Pods-FBSnapshotTestCaseExample.release.xcconfig */ = {isa = PBXFileReference; includeInIndex = 1; lastKnownFileType = text.xcconfig; name = "Pods-FBSnapshotTestCaseExample.release.xcconfig"; path = "Pods/Target Support Files/Pods-FBSnapshotTestCaseExample/Pods-FBSnapshotTestCaseExample.release.xcconfig"; sourceTree = "<group>"; };
		330AC3F2B6ABCB3BF7130CA2 /* Pods_FBSnapshotTestCaseExample.framework */ = {isa = PBXFileReference; explicitFileType = wrapper.framework; includeInIndex = 0; path = Pods_FBSnapshotTestCaseExample.framework; sourceTree = BUILT_PRODUCTS_DIR; };
		3AFD102468F530EE7483FFE0 /* Pods-FBSnapshotTestCaseExampleTests.debug.xcconfig */ = {isa = PBXFileReference; includeInIndex = 1; lastKnownFileType = text.xcconfig; name = "Pods-FBSnapshotTestCaseExampleTests.debug.xcconfig"; path = "Pods/Target Support Files/Pods-FBSnapshotTestCaseExampleTests/Pods-FBSnapshotTestCaseExampleTests.debug.xcconfig"; sourceTree = "<group>"; };
		48B3B4FD1B8A65359096D835 /* Pods_FBSnapshotTestCaseExampleTests.framework */ = {isa = PBXFileReference; explicitFileType = wrapper.framework; includeInIndex = 0; path = Pods_FBSnapshotTestCaseExampleTests.framework; sourceTree = BUILT_PRODUCTS_DIR; };
		6D85824D2033766200CE2EAC /* FBSnapshotTestCaseExample.app */ = {isa = PBXFileReference; explicitFileType = wrapper.application; includeInIndex = 0; path = FBSnapshotTestCaseExample.app; sourceTree = BUILT_PRODUCTS_DIR; };
		6D8582502033766200CE2EAC /* AppDelegate.swift */ = {isa = PBXFileReference; lastKnownFileType = sourcecode.swift; path = AppDelegate.swift; sourceTree = "<group>"; };
		6D8582522033766200CE2EAC /* ViewController.swift */ = {isa = PBXFileReference; lastKnownFileType = sourcecode.swift; path = ViewController.swift; sourceTree = "<group>"; };
		6D8582572033766200CE2EAC /* Assets.xcassets */ = {isa = PBXFileReference; lastKnownFileType = folder.assetcatalog; path = Assets.xcassets; sourceTree = "<group>"; };
		6D85825A2033766200CE2EAC /* Base */ = {isa = PBXFileReference; lastKnownFileType = file.storyboard; name = Base; path = Base.lproj/LaunchScreen.storyboard; sourceTree = "<group>"; };
		6D85825C2033766200CE2EAC /* Info.plist */ = {isa = PBXFileReference; lastKnownFileType = text.plist.xml; path = Info.plist; sourceTree = "<group>"; };
		6D8582612033766200CE2EAC /* FBSnapshotTestCaseExampleTests.xctest */ = {isa = PBXFileReference; explicitFileType = wrapper.cfbundle; includeInIndex = 0; path = FBSnapshotTestCaseExampleTests.xctest; sourceTree = BUILT_PRODUCTS_DIR; };
		6D8582652033766200CE2EAC /* FBSnapshotTestCaseExampleTests.swift */ = {isa = PBXFileReference; lastKnownFileType = sourcecode.swift; path = FBSnapshotTestCaseExampleTests.swift; sourceTree = "<group>"; };
		6D8582672033766200CE2EAC /* Info.plist */ = {isa = PBXFileReference; lastKnownFileType = text.plist.xml; path = Info.plist; sourceTree = "<group>"; };
		FB8EFD90BEDCF1A893F1730E /* Pods-FBSnapshotTestCaseExampleTests.release.xcconfig */ = {isa = PBXFileReference; includeInIndex = 1; lastKnownFileType = text.xcconfig; name = "Pods-FBSnapshotTestCaseExampleTests.release.xcconfig"; path = "Pods/Target Support Files/Pods-FBSnapshotTestCaseExampleTests/Pods-FBSnapshotTestCaseExampleTests.release.xcconfig"; sourceTree = "<group>"; };
/* End PBXFileReference section */

/* Begin PBXFrameworksBuildPhase section */
		6D85824A2033766200CE2EAC /* Frameworks */ = {
			isa = PBXFrameworksBuildPhase;
			buildActionMask = 2147483647;
			files = (
				611F1280686B0A4F18B4FEA8 /* Pods_FBSnapshotTestCaseExample.framework in Frameworks */,
			);
			runOnlyForDeploymentPostprocessing = 0;
		};
		6D85825E2033766200CE2EAC /* Frameworks */ = {
			isa = PBXFrameworksBuildPhase;
			buildActionMask = 2147483647;
			files = (
				9A39DB892EE9CD735C845622 /* Pods_FBSnapshotTestCaseExampleTests.framework in Frameworks */,
			);
			runOnlyForDeploymentPostprocessing = 0;
		};
/* End PBXFrameworksBuildPhase section */

/* Begin PBXGroup section */
		47DE838BEFF71794A8967650 /* Frameworks */ = {
			isa = PBXGroup;
			children = (
				330AC3F2B6ABCB3BF7130CA2 /* Pods_FBSnapshotTestCaseExample.framework */,
				48B3B4FD1B8A65359096D835 /* Pods_FBSnapshotTestCaseExampleTests.framework */,
			);
			name = Frameworks;
			sourceTree = "<group>";
		};
		6D8582442033766200CE2EAC = {
			isa = PBXGroup;
			children = (
				6D85824F2033766200CE2EAC /* FBSnapshotTestCaseExample */,
				6D8582642033766200CE2EAC /* FBSnapshotTestCaseExampleTests */,
				6D85824E2033766200CE2EAC /* Products */,
				B3B893B9E6579C27CBA61794 /* Pods */,
				47DE838BEFF71794A8967650 /* Frameworks */,
			);
			sourceTree = "<group>";
		};
		6D85824E2033766200CE2EAC /* Products */ = {
			isa = PBXGroup;
			children = (
				6D85824D2033766200CE2EAC /* FBSnapshotTestCaseExample.app */,
				6D8582612033766200CE2EAC /* FBSnapshotTestCaseExampleTests.xctest */,
			);
			name = Products;
			sourceTree = "<group>";
		};
		6D85824F2033766200CE2EAC /* FBSnapshotTestCaseExample */ = {
			isa = PBXGroup;
			children = (
				6D8582502033766200CE2EAC /* AppDelegate.swift */,
				6D8582522033766200CE2EAC /* ViewController.swift */,
				6D8582572033766200CE2EAC /* Assets.xcassets */,
				6D8582592033766200CE2EAC /* LaunchScreen.storyboard */,
				6D85825C2033766200CE2EAC /* Info.plist */,
			);
			path = FBSnapshotTestCaseExample;
			sourceTree = "<group>";
		};
		6D8582642033766200CE2EAC /* FBSnapshotTestCaseExampleTests */ = {
			isa = PBXGroup;
			children = (
				6D8582652033766200CE2EAC /* FBSnapshotTestCaseExampleTests.swift */,
				6D8582672033766200CE2EAC /* Info.plist */,
			);
			path = FBSnapshotTestCaseExampleTests;
			sourceTree = "<group>";
		};
		B3B893B9E6579C27CBA61794 /* Pods */ = {
			isa = PBXGroup;
			children = (
				156F5427C30CAC4A5A188FE8 /* Pods-FBSnapshotTestCaseExample.debug.xcconfig */,
				23624B9BAC04A0B4C133DC9E /* Pods-FBSnapshotTestCaseExample.release.xcconfig */,
				3AFD102468F530EE7483FFE0 /* Pods-FBSnapshotTestCaseExampleTests.debug.xcconfig */,
				FB8EFD90BEDCF1A893F1730E /* Pods-FBSnapshotTestCaseExampleTests.release.xcconfig */,
			);
			name = Pods;
			sourceTree = "<group>";
		};
/* End PBXGroup section */

/* Begin PBXNativeTarget section */
		6D85824C2033766200CE2EAC /* FBSnapshotTestCaseExample */ = {
			isa = PBXNativeTarget;
			buildConfigurationList = 6D85826A2033766200CE2EAC /* Build configuration list for PBXNativeTarget "FBSnapshotTestCaseExample" */;
			buildPhases = (
				792031C16B6337BBA04E4757 /* [CP] Check Pods Manifest.lock */,
				6D8582492033766200CE2EAC /* Sources */,
				6D85824A2033766200CE2EAC /* Frameworks */,
				6D85824B2033766200CE2EAC /* Resources */,
				A0C3706CF86A41CA229B6A79 /* [CP] Embed Pods Frameworks */,
				89D3EB2C6D39CB508D79831F /* [CP] Copy Pods Resources */,
			);
			buildRules = (
			);
			dependencies = (
			);
			name = FBSnapshotTestCaseExample;
			productName = FBSnapshotTestCaseExample;
			productReference = 6D85824D2033766200CE2EAC /* FBSnapshotTestCaseExample.app */;
			productType = "com.apple.product-type.application";
		};
		6D8582602033766200CE2EAC /* FBSnapshotTestCaseExampleTests */ = {
			isa = PBXNativeTarget;
			buildConfigurationList = 6D85826D2033766200CE2EAC /* Build configuration list for PBXNativeTarget "FBSnapshotTestCaseExampleTests" */;
			buildPhases = (
				0E50D5A425A08D445EC4672C /* [CP] Check Pods Manifest.lock */,
				6D85825D2033766200CE2EAC /* Sources */,
				6D85825E2033766200CE2EAC /* Frameworks */,
				6D85825F2033766200CE2EAC /* Resources */,
				78508F557502DB1617004078 /* [CP] Embed Pods Frameworks */,
				333C15C2FC5F8BFAF9F5641C /* [CP] Copy Pods Resources */,
			);
			buildRules = (
			);
			dependencies = (
				6D8582632033766200CE2EAC /* PBXTargetDependency */,
			);
			name = FBSnapshotTestCaseExampleTests;
			productName = FBSnapshotTestCaseExampleTests;
			productReference = 6D8582612033766200CE2EAC /* FBSnapshotTestCaseExampleTests.xctest */;
			productType = "com.apple.product-type.bundle.unit-test";
		};
/* End PBXNativeTarget section */

/* Begin PBXProject section */
		6D8582452033766200CE2EAC /* Project object */ = {
			isa = PBXProject;
			attributes = {
				LastSwiftUpdateCheck = 0910;
				LastUpgradeCheck = 0910;
				ORGANIZATIONNAME = "Federico Jordán";
				TargetAttributes = {
					6D85824C2033766200CE2EAC = {
						CreatedOnToolsVersion = 9.1;
						ProvisioningStyle = Automatic;
					};
					6D8582602033766200CE2EAC = {
						CreatedOnToolsVersion = 9.1;
						ProvisioningStyle = Automatic;
						TestTargetID = 6D85824C2033766200CE2EAC;
					};
				};
			};
			buildConfigurationList = 6D8582482033766200CE2EAC /* Build configuration list for PBXProject "FBSnapshotTestCaseExample" */;
			compatibilityVersion = "Xcode 8.0";
			developmentRegion = en;
			hasScannedForEncodings = 0;
			knownRegions = (
				en,
				Base,
			);
			mainGroup = 6D8582442033766200CE2EAC;
			productRefGroup = 6D85824E2033766200CE2EAC /* Products */;
			projectDirPath = "";
			projectRoot = "";
			targets = (
				6D85824C2033766200CE2EAC /* FBSnapshotTestCaseExample */,
				6D8582602033766200CE2EAC /* FBSnapshotTestCaseExampleTests */,
			);
		};
/* End PBXProject section */

/* Begin PBXResourcesBuildPhase section */
		6D85824B2033766200CE2EAC /* Resources */ = {
			isa = PBXResourcesBuildPhase;
			buildActionMask = 2147483647;
			files = (
				6D85825B2033766200CE2EAC /* LaunchScreen.storyboard in Resources */,
				6D8582582033766200CE2EAC /* Assets.xcassets in Resources */,
			);
			runOnlyForDeploymentPostprocessing = 0;
		};
		6D85825F2033766200CE2EAC /* Resources */ = {
			isa = PBXResourcesBuildPhase;
			buildActionMask = 2147483647;
			files = (
			);
			runOnlyForDeploymentPostprocessing = 0;
		};
/* End PBXResourcesBuildPhase section */

/* Begin PBXShellScriptBuildPhase section */
		0E50D5A425A08D445EC4672C /* [CP] Check Pods Manifest.lock */ = {
			isa = PBXShellScriptBuildPhase;
			buildActionMask = 2147483647;
			files = (
			);
			inputPaths = (
				"${PODS_PODFILE_DIR_PATH}/Podfile.lock",
				"${PODS_ROOT}/Manifest.lock",
			);
			name = "[CP] Check Pods Manifest.lock";
			outputPaths = (
				"$(DERIVED_FILE_DIR)/Pods-FBSnapshotTestCaseExampleTests-checkManifestLockResult.txt",
			);
			runOnlyForDeploymentPostprocessing = 0;
			shellPath = /bin/sh;
			shellScript = "diff \"${PODS_PODFILE_DIR_PATH}/Podfile.lock\" \"${PODS_ROOT}/Manifest.lock\" > /dev/null\nif [ $? != 0 ] ; then\n    # print error to STDERR\n    echo \"error: The sandbox is not in sync with the Podfile.lock. Run 'pod install' or update your CocoaPods installation.\" >&2\n    exit 1\nfi\n# This output is used by Xcode 'outputs' to avoid re-running this script phase.\necho \"SUCCESS\" > \"${SCRIPT_OUTPUT_FILE_0}\"\n";
			showEnvVarsInLog = 0;
		};
		333C15C2FC5F8BFAF9F5641C /* [CP] Copy Pods Resources */ = {
			isa = PBXShellScriptBuildPhase;
			buildActionMask = 2147483647;
			files = (
			);
			inputPaths = (
			);
			name = "[CP] Copy Pods Resources";
			outputPaths = (
			);
			runOnlyForDeploymentPostprocessing = 0;
			shellPath = /bin/sh;
			shellScript = "\"${SRCROOT}/Pods/Target Support Files/Pods-FBSnapshotTestCaseExampleTests/Pods-FBSnapshotTestCaseExampleTests-resources.sh\"\n";
			showEnvVarsInLog = 0;
		};
		78508F557502DB1617004078 /* [CP] Embed Pods Frameworks */ = {
			isa = PBXShellScriptBuildPhase;
			buildActionMask = 2147483647;
			files = (
			);
			inputPaths = (
			);
			name = "[CP] Embed Pods Frameworks";
			outputPaths = (
			);
			runOnlyForDeploymentPostprocessing = 0;
			shellPath = /bin/sh;
			shellScript = "\"${SRCROOT}/Pods/Target Support Files/Pods-FBSnapshotTestCaseExampleTests/Pods-FBSnapshotTestCaseExampleTests-frameworks.sh\"\n";
			showEnvVarsInLog = 0;
		};
		792031C16B6337BBA04E4757 /* [CP] Check Pods Manifest.lock */ = {
			isa = PBXShellScriptBuildPhase;
			buildActionMask = 2147483647;
			files = (
			);
			inputPaths = (
				"${PODS_PODFILE_DIR_PATH}/Podfile.lock",
				"${PODS_ROOT}/Manifest.lock",
			);
			name = "[CP] Check Pods Manifest.lock";
			outputPaths = (
				"$(DERIVED_FILE_DIR)/Pods-FBSnapshotTestCaseExample-checkManifestLockResult.txt",
			);
			runOnlyForDeploymentPostprocessing = 0;
			shellPath = /bin/sh;
			shellScript = "diff \"${PODS_PODFILE_DIR_PATH}/Podfile.lock\" \"${PODS_ROOT}/Manifest.lock\" > /dev/null\nif [ $? != 0 ] ; then\n    # print error to STDERR\n    echo \"error: The sandbox is not in sync with the Podfile.lock. Run 'pod install' or update your CocoaPods installation.\" >&2\n    exit 1\nfi\n# This output is used by Xcode 'outputs' to avoid re-running this script phase.\necho \"SUCCESS\" > \"${SCRIPT_OUTPUT_FILE_0}\"\n";
			showEnvVarsInLog = 0;
		};
		89D3EB2C6D39CB508D79831F /* [CP] Copy Pods Resources */ = {
			isa = PBXShellScriptBuildPhase;
			buildActionMask = 2147483647;
			files = (
			);
			inputPaths = (
			);
			name = "[CP] Copy Pods Resources";
			outputPaths = (
			);
			runOnlyForDeploymentPostprocessing = 0;
			shellPath = /bin/sh;
			shellScript = "\"${SRCROOT}/Pods/Target Support Files/Pods-FBSnapshotTestCaseExample/Pods-FBSnapshotTestCaseExample-resources.sh\"\n";
			showEnvVarsInLog = 0;
		};
		A0C3706CF86A41CA229B6A79 /* [CP] Embed Pods Frameworks */ = {
			isa = PBXShellScriptBuildPhase;
			buildActionMask = 2147483647;
			files = (
			);
			inputPaths = (
				"${SRCROOT}/Pods/Target Support Files/Pods-FBSnapshotTestCaseExample/Pods-FBSnapshotTestCaseExample-frameworks.sh",
				"${BUILT_PRODUCTS_DIR}/SnapKit/SnapKit.framework",
				"${BUILT_PRODUCTS_DIR}/iOSSnapshotTestCase/FBSnapshotTestCase.framework",
			);
			name = "[CP] Embed Pods Frameworks";
			outputPaths = (
				"${TARGET_BUILD_DIR}/${FRAMEWORKS_FOLDER_PATH}/SnapKit.framework",
				"${TARGET_BUILD_DIR}/${FRAMEWORKS_FOLDER_PATH}/FBSnapshotTestCase.framework",
			);
			runOnlyForDeploymentPostprocessing = 0;
			shellPath = /bin/sh;
			shellScript = "\"${SRCROOT}/Pods/Target Support Files/Pods-FBSnapshotTestCaseExample/Pods-FBSnapshotTestCaseExample-frameworks.sh\"\n";
			showEnvVarsInLog = 0;
		};
/* End PBXShellScriptBuildPhase section */

/* Begin PBXSourcesBuildPhase section */
		6D8582492033766200CE2EAC /* Sources */ = {
			isa = PBXSourcesBuildPhase;
			buildActionMask = 2147483647;
			files = (
				6D8582532033766200CE2EAC /* ViewController.swift in Sources */,
				6D8582512033766200CE2EAC /* AppDelegate.swift in Sources */,
			);
			runOnlyForDeploymentPostprocessing = 0;
		};
		6D85825D2033766200CE2EAC /* Sources */ = {
			isa = PBXSourcesBuildPhase;
			buildActionMask = 2147483647;
			files = (
				6D8582662033766200CE2EAC /* FBSnapshotTestCaseExampleTests.swift in Sources */,
			);
			runOnlyForDeploymentPostprocessing = 0;
		};
/* End PBXSourcesBuildPhase section */

/* Begin PBXTargetDependency section */
		6D8582632033766200CE2EAC /* PBXTargetDependency */ = {
			isa = PBXTargetDependency;
			target = 6D85824C2033766200CE2EAC /* FBSnapshotTestCaseExample */;
			targetProxy = 6D8582622033766200CE2EAC /* PBXContainerItemProxy */;
		};
/* End PBXTargetDependency section */

/* Begin PBXVariantGroup section */
		6D8582592033766200CE2EAC /* LaunchScreen.storyboard */ = {
			isa = PBXVariantGroup;
			children = (
				6D85825A2033766200CE2EAC /* Base */,
			);
			name = LaunchScreen.storyboard;
			sourceTree = "<group>";
		};
/* End PBXVariantGroup section */

/* Begin XCBuildConfiguration section */
		6D8582682033766200CE2EAC /* Debug */ = {
			isa = XCBuildConfiguration;
			buildSettings = {
				ALWAYS_SEARCH_USER_PATHS = NO;
				CLANG_ANALYZER_NONNULL = YES;
				CLANG_ANALYZER_NUMBER_OBJECT_CONVERSION = YES_AGGRESSIVE;
				CLANG_CXX_LANGUAGE_STANDARD = "gnu++14";
				CLANG_CXX_LIBRARY = "libc++";
				CLANG_ENABLE_MODULES = YES;
				CLANG_ENABLE_OBJC_ARC = YES;
				CLANG_WARN_BLOCK_CAPTURE_AUTORELEASING = YES;
				CLANG_WARN_BOOL_CONVERSION = YES;
				CLANG_WARN_COMMA = YES;
				CLANG_WARN_CONSTANT_CONVERSION = YES;
				CLANG_WARN_DIRECT_OBJC_ISA_USAGE = YES_ERROR;
				CLANG_WARN_DOCUMENTATION_COMMENTS = YES;
				CLANG_WARN_EMPTY_BODY = YES;
				CLANG_WARN_ENUM_CONVERSION = YES;
				CLANG_WARN_INFINITE_RECURSION = YES;
				CLANG_WARN_INT_CONVERSION = YES;
				CLANG_WARN_NON_LITERAL_NULL_CONVERSION = YES;
				CLANG_WARN_OBJC_LITERAL_CONVERSION = YES;
				CLANG_WARN_OBJC_ROOT_CLASS = YES_ERROR;
				CLANG_WARN_RANGE_LOOP_ANALYSIS = YES;
				CLANG_WARN_STRICT_PROTOTYPES = YES;
				CLANG_WARN_SUSPICIOUS_MOVE = YES;
				CLANG_WARN_UNGUARDED_AVAILABILITY = YES_AGGRESSIVE;
				CLANG_WARN_UNREACHABLE_CODE = YES;
				CLANG_WARN__DUPLICATE_METHOD_MATCH = YES;
				CODE_SIGN_IDENTITY = "iPhone Developer";
				COPY_PHASE_STRIP = NO;
				DEBUG_INFORMATION_FORMAT = dwarf;
				ENABLE_STRICT_OBJC_MSGSEND = YES;
				ENABLE_TESTABILITY = YES;
				GCC_C_LANGUAGE_STANDARD = gnu11;
				GCC_DYNAMIC_NO_PIC = NO;
				GCC_NO_COMMON_BLOCKS = YES;
				GCC_OPTIMIZATION_LEVEL = 0;
				GCC_PREPROCESSOR_DEFINITIONS = (
					"DEBUG=1",
					"$(inherited)",
				);
				GCC_WARN_64_TO_32_BIT_CONVERSION = YES;
				GCC_WARN_ABOUT_RETURN_TYPE = YES_ERROR;
				GCC_WARN_UNDECLARED_SELECTOR = YES;
				GCC_WARN_UNINITIALIZED_AUTOS = YES_AGGRESSIVE;
				GCC_WARN_UNUSED_FUNCTION = YES;
				GCC_WARN_UNUSED_VARIABLE = YES;
				IPHONEOS_DEPLOYMENT_TARGET = 11.1;
				MTL_ENABLE_DEBUG_INFO = YES;
				ONLY_ACTIVE_ARCH = YES;
				SDKROOT = iphoneos;
				SWIFT_ACTIVE_COMPILATION_CONDITIONS = DEBUG;
				SWIFT_OPTIMIZATION_LEVEL = "-Onone";
			};
			name = Debug;
		};
		6D8582692033766200CE2EAC /* Release */ = {
			isa = XCBuildConfiguration;
			buildSettings = {
				ALWAYS_SEARCH_USER_PATHS = NO;
				CLANG_ANALYZER_NONNULL = YES;
				CLANG_ANALYZER_NUMBER_OBJECT_CONVERSION = YES_AGGRESSIVE;
				CLANG_CXX_LANGUAGE_STANDARD = "gnu++14";
				CLANG_CXX_LIBRARY = "libc++";
				CLANG_ENABLE_MODULES = YES;
				CLANG_ENABLE_OBJC_ARC = YES;
				CLANG_WARN_BLOCK_CAPTURE_AUTORELEASING = YES;
				CLANG_WARN_BOOL_CONVERSION = YES;
				CLANG_WARN_COMMA = YES;
				CLANG_WARN_CONSTANT_CONVERSION = YES;
				CLANG_WARN_DIRECT_OBJC_ISA_USAGE = YES_ERROR;
				CLANG_WARN_DOCUMENTATION_COMMENTS = YES;
				CLANG_WARN_EMPTY_BODY = YES;
				CLANG_WARN_ENUM_CONVERSION = YES;
				CLANG_WARN_INFINITE_RECURSION = YES;
				CLANG_WARN_INT_CONVERSION = YES;
				CLANG_WARN_NON_LITERAL_NULL_CONVERSION = YES;
				CLANG_WARN_OBJC_LITERAL_CONVERSION = YES;
				CLANG_WARN_OBJC_ROOT_CLASS = YES_ERROR;
				CLANG_WARN_RANGE_LOOP_ANALYSIS = YES;
				CLANG_WARN_STRICT_PROTOTYPES = YES;
				CLANG_WARN_SUSPICIOUS_MOVE = YES;
				CLANG_WARN_UNGUARDED_AVAILABILITY = YES_AGGRESSIVE;
				CLANG_WARN_UNREACHABLE_CODE = YES;
				CLANG_WARN__DUPLICATE_METHOD_MATCH = YES;
				CODE_SIGN_IDENTITY = "iPhone Developer";
				COPY_PHASE_STRIP = NO;
				DEBUG_INFORMATION_FORMAT = "dwarf-with-dsym";
				ENABLE_NS_ASSERTIONS = NO;
				ENABLE_STRICT_OBJC_MSGSEND = YES;
				GCC_C_LANGUAGE_STANDARD = gnu11;
				GCC_NO_COMMON_BLOCKS = YES;
				GCC_WARN_64_TO_32_BIT_CONVERSION = YES;
				GCC_WARN_ABOUT_RETURN_TYPE = YES_ERROR;
				GCC_WARN_UNDECLARED_SELECTOR = YES;
				GCC_WARN_UNINITIALIZED_AUTOS = YES_AGGRESSIVE;
				GCC_WARN_UNUSED_FUNCTION = YES;
				GCC_WARN_UNUSED_VARIABLE = YES;
				IPHONEOS_DEPLOYMENT_TARGET = 11.1;
				MTL_ENABLE_DEBUG_INFO = NO;
				SDKROOT = iphoneos;
				SWIFT_OPTIMIZATION_LEVEL = "-Owholemodule";
				VALIDATE_PRODUCT = YES;
			};
			name = Release;
		};
		6D85826B2033766200CE2EAC /* Debug */ = {
			isa = XCBuildConfiguration;
			baseConfigurationReference = 156F5427C30CAC4A5A188FE8 /* Pods-FBSnapshotTestCaseExample.debug.xcconfig */;
			buildSettings = {
				ASSETCATALOG_COMPILER_APPICON_NAME = AppIcon;
				CODE_SIGN_STYLE = Automatic;
				DEVELOPMENT_TEAM = H5523VLT8V;
				INFOPLIST_FILE = FBSnapshotTestCaseExample/Info.plist;
				LD_RUNPATH_SEARCH_PATHS = "$(inherited) @executable_path/Frameworks";
				PRODUCT_BUNDLE_IDENTIFIER = com.federicojordan.FBSnapshotTestCaseExample;
				PRODUCT_NAME = "$(TARGET_NAME)";
				SWIFT_VERSION = 4.0;
				TARGETED_DEVICE_FAMILY = "1,2";
			};
			name = Debug;
		};
		6D85826C2033766200CE2EAC /* Release */ = {
			isa = XCBuildConfiguration;
			baseConfigurationReference = 23624B9BAC04A0B4C133DC9E /* Pods-FBSnapshotTestCaseExample.release.xcconfig */;
			buildSettings = {
				ASSETCATALOG_COMPILER_APPICON_NAME = AppIcon;
				CODE_SIGN_STYLE = Automatic;
				DEVELOPMENT_TEAM = H5523VLT8V;
				INFOPLIST_FILE = FBSnapshotTestCaseExample/Info.plist;
				LD_RUNPATH_SEARCH_PATHS = "$(inherited) @executable_path/Frameworks";
				PRODUCT_BUNDLE_IDENTIFIER = com.federicojordan.FBSnapshotTestCaseExample;
				PRODUCT_NAME = "$(TARGET_NAME)";
				SWIFT_VERSION = 4.0;
				TARGETED_DEVICE_FAMILY = "1,2";
			};
			name = Release;
		};
		6D85826E2033766200CE2EAC /* Debug */ = {
			isa = XCBuildConfiguration;
			baseConfigurationReference = 3AFD102468F530EE7483FFE0 /* Pods-FBSnapshotTestCaseExampleTests.debug.xcconfig */;
			buildSettings = {
				ALWAYS_EMBED_SWIFT_STANDARD_LIBRARIES = YES;
				BUNDLE_LOADER = "$(TEST_HOST)";
				CODE_SIGN_STYLE = Automatic;
				DEVELOPMENT_TEAM = H5523VLT8V;
				INFOPLIST_FILE = FBSnapshotTestCaseExampleTests/Info.plist;
				LD_RUNPATH_SEARCH_PATHS = "$(inherited) @executable_path/Frameworks @loader_path/Frameworks";
				PRODUCT_BUNDLE_IDENTIFIER = com.federicojordan.FBSnapshotTestCaseExampleTests;
				PRODUCT_NAME = "$(TARGET_NAME)";
				SWIFT_VERSION = 4.0;
				TARGETED_DEVICE_FAMILY = "1,2";
				TEST_HOST = "$(BUILT_PRODUCTS_DIR)/FBSnapshotTestCaseExample.app/FBSnapshotTestCaseExample";
			};
			name = Debug;
		};
		6D85826F2033766200CE2EAC /* Release */ = {
			isa = XCBuildConfiguration;
			baseConfigurationReference = FB8EFD90BEDCF1A893F1730E /* Pods-FBSnapshotTestCaseExampleTests.release.xcconfig */;
			buildSettings = {
				ALWAYS_EMBED_SWIFT_STANDARD_LIBRARIES = YES;
				BUNDLE_LOADER = "$(TEST_HOST)";
				CODE_SIGN_STYLE = Automatic;
				DEVELOPMENT_TEAM = H5523VLT8V;
				INFOPLIST_FILE = FBSnapshotTestCaseExampleTests/Info.plist;
				LD_RUNPATH_SEARCH_PATHS = "$(inherited) @executable_path/Frameworks @loader_path/Frameworks";
				PRODUCT_BUNDLE_IDENTIFIER = com.federicojordan.FBSnapshotTestCaseExampleTests;
				PRODUCT_NAME = "$(TARGET_NAME)";
				SWIFT_VERSION = 4.0;
				TARGETED_DEVICE_FAMILY = "1,2";
				TEST_HOST = "$(BUILT_PRODUCTS_DIR)/FBSnapshotTestCaseExample.app/FBSnapshotTestCaseExample";
			};
			name = Release;
		};
/* End XCBuildConfiguration section */

/* Begin XCConfigurationList section */
		6D8582482033766200CE2EAC /* Build configuration list for PBXProject "FBSnapshotTestCaseExample" */ = {
			isa = XCConfigurationList;
			buildConfigurations = (
				6D8582682033766200CE2EAC /* Debug */,
				6D8582692033766200CE2EAC /* Release */,
			);
			defaultConfigurationIsVisible = 0;
			defaultConfigurationName = Release;
		};
		6D85826A2033766200CE2EAC /* Build configuration list for PBXNativeTarget "FBSnapshotTestCaseExample" */ = {
			isa = XCConfigurationList;
			buildConfigurations = (
				6D85826B2033766200CE2EAC /* Debug */,
				6D85826C2033766200CE2EAC /* Release */,
			);
			defaultConfigurationIsVisible = 0;
			defaultConfigurationName = Release;
		};
		6D85826D2033766200CE2EAC /* Build configuration list for PBXNativeTarget "FBSnapshotTestCaseExampleTests" */ = {
			isa = XCConfigurationList;
			buildConfigurations = (
				6D85826E2033766200CE2EAC /* Debug */,
				6D85826F2033766200CE2EAC /* Release */,
			);
			defaultConfigurationIsVisible = 0;
			defaultConfigurationName = Release;
		};
/* End XCConfigurationList section */
	};
	rootObject = 6D8582452033766200CE2EAC /* Project object */;
}
